
Microsoft Visual Studio Solution File, Format Version 12.00
# Visual Studio Version 17
VisualStudioVersion = 17.11.35222.181
MinimumVisualStudioVersion = 10.0.40219.1
Project("{FAE04EC0-301F-11D3-BF4B-00C04F79EFBC}") = "DSA_Visualizer", "DSA_Visualizer\DSA_Visualizer.csproj", "{E789ADD6-0F83-4BF1-8866-4E0D66B2953D}"
EndProject
Global
	GlobalSection(SolutionConfigurationPlatforms) = preSolution
		Debug|Any CPU = Debug|Any CPU
		Release|Any CPU = Release|Any CPU
	EndGlobalSection
	GlobalSection(ProjectConfigurationPlatforms) = postSolution
		{E789ADD6-0F83-4BF1-8866-4E0D66B2953D}.Debug|Any CPU.ActiveCfg = Debug|Any CPU
		{E789ADD6-0F83-4BF1-8866-4E0D66B2953D}.Debug|Any CPU.Build.0 = Debug|Any CPU
		{E789ADD6-0F83-4BF1-8866-4E0D66B2953D}.Release|Any CPU.ActiveCfg = Release|Any CPU
		{E789ADD6-0F83-4BF1-8866-4E0D66B2953D}.Release|Any CPU.Build.0 = Release|Any CPU
	EndGlobalSection
	GlobalSection(SolutionProperties) = preSolution
		HideSolutionNode = FALSE
	EndGlobalSection
	GlobalSection(ExtensibilityGlobals) = postSolution
		SolutionGuid = {098059FC-C828-4195-A313-002D7C576BE1}
	EndGlobalSection
EndGlobal
